
Microsoft Visual Studio Solution File, Format Version 12.00
# Visual Studio Version 16
VisualStudioVersion = 16.0.30907.101
MinimumVisualStudioVersion = 10.0.40219.1
Project("{FAE04EC0-301F-11D3-BF4B-00C04F79EFBC}") = "CustomBroadcasts", "CustomBroadcasts\CustomBroadcasts.csproj", "{6AC2F256-A517-4BCF-96B4-657E1ADDE865}"
EndProject
Global
	GlobalSection(SolutionConfigurationPlatforms) = preSolution
		Debug|Any CPU = Debug|Any CPU
		Release|Any CPU = Release|Any CPU
	EndGlobalSection
	GlobalSection(ProjectConfigurationPlatforms) = postSolution
		{6AC2F256-A517-4BCF-96B4-657E1ADDE865}.Debug|Any CPU.ActiveCfg = Debug|Any CPU
		{6AC2F256-A517-4BCF-96B4-657E1ADDE865}.Debug|Any CPU.Build.0 = Debug|Any CPU
		{6AC2F256-A517-4BCF-96B4-657E1ADDE865}.Release|Any CPU.ActiveCfg = Release|Any CPU
		{6AC2F256-A517-4BCF-96B4-657E1ADDE865}.Release|Any CPU.Build.0 = Release|Any CPU
	EndGlobalSection
	GlobalSection(SolutionProperties) = preSolution
		HideSolutionNode = FALSE
	EndGlobalSection
	GlobalSection(ExtensibilityGlobals) = postSolution
		SolutionGuid = {29822354-8006-4171-907D-664236981A32}
	EndGlobalSection
EndGlobal
